// !$*UTF8*$!
{
	archiveVersion = 1;
	classes = {
	};
	objectVersion = 50;
	objects = {

/* Begin PBXBuildFile section */
		ED1D290D2511342B006CBC28 /* AppDelegate.swift in Sources */ = {isa = PBXBuildFile; fileRef = ED1D290C2511342B006CBC28 /* AppDelegate.swift */; };
		ED1D290F2511342B006CBC28 /* SceneDelegate.swift in Sources */ = {isa = PBXBuildFile; fileRef = ED1D290E2511342B006CBC28 /* SceneDelegate.swift */; };
		ED1D29112511342B006CBC28 /* ViewController.swift in Sources */ = {isa = PBXBuildFile; fileRef = ED1D29102511342B006CBC28 /* ViewController.swift */; };
		ED1D29142511342B006CBC28 /* Main.storyboard in Resources */ = {isa = PBXBuildFile; fileRef = ED1D29122511342B006CBC28 /* Main.storyboard */; };
		ED1D29162511342D006CBC28 /* Assets.xcassets in Resources */ = {isa = PBXBuildFile; fileRef = ED1D29152511342D006CBC28 /* Assets.xcassets */; };
		ED1D29192511342D006CBC28 /* LaunchScreen.storyboard in Resources */ = {isa = PBXBuildFile; fileRef = ED1D29172511342D006CBC28 /* LaunchScreen.storyboard */; };
		ED1D29242511342D006CBC28 /* BowlingGameTests.swift in Sources */ = {isa = PBXBuildFile; fileRef = ED1D29232511342D006CBC28 /* BowlingGameTests.swift */; };
		ED1D294225116485006CBC28 /* BowlingGame.swift in Sources */ = {isa = PBXBuildFile; fileRef = ED1D293F25116485006CBC28 /* BowlingGame.swift */; };
		ED1D294325116485006CBC28 /* Round.swift in Sources */ = {isa = PBXBuildFile; fileRef = ED1D294025116485006CBC28 /* Round.swift */; };
		ED1D294425116485006CBC28 /* NormalRound.swift in Sources */ = {isa = PBXBuildFile; fileRef = ED1D294125116485006CBC28 /* NormalRound.swift */; };
		ED1D294625116499006CBC28 /* NormalRoundTests.swift in Sources */ = {isa = PBXBuildFile; fileRef = ED1D294525116499006CBC28 /* NormalRoundTests.swift */; };
		ED1D29492511F4B8006CBC28 /* SpareRound.swift in Sources */ = {isa = PBXBuildFile; fileRef = ED1D29482511F4B8006CBC28 /* SpareRound.swift */; };
		ED1D294B2511F4CE006CBC28 /* Bonusable.swift in Sources */ = {isa = PBXBuildFile; fileRef = ED1D294A2511F4CE006CBC28 /* Bonusable.swift */; };
		ED1D294E2511F5F5006CBC28 /* MockBowlingGame.swift in Sources */ = {isa = PBXBuildFile; fileRef = ED1D294D2511F5F5006CBC28 /* MockBowlingGame.swift */; };
		ED1D29502511F61E006CBC28 /* SpareRoundTests.swift in Sources */ = {isa = PBXBuildFile; fileRef = ED1D294F2511F61E006CBC28 /* SpareRoundTests.swift */; };
/* End PBXBuildFile section */

/* Begin PBXContainerItemProxy section */
		ED1D29202511342D006CBC28 /* PBXContainerItemProxy */ = {
			isa = PBXContainerItemProxy;
			containerPortal = ED1D29012511342A006CBC28 /* Project object */;
			proxyType = 1;
			remoteGlobalIDString = ED1D29082511342B006CBC28;
			remoteInfo = BowlingGame;
		};
/* End PBXContainerItemProxy section */

/* Begin PBXFileReference section */
		ED1D29092511342B006CBC28 /* BowlingGame.app */ = {isa = PBXFileReference; explicitFileType = wrapper.application; includeInIndex = 0; path = BowlingGame.app; sourceTree = BUILT_PRODUCTS_DIR; };
		ED1D290C2511342B006CBC28 /* AppDelegate.swift */ = {isa = PBXFileReference; lastKnownFileType = sourcecode.swift; path = AppDelegate.swift; sourceTree = "<group>"; };
		ED1D290E2511342B006CBC28 /* SceneDelegate.swift */ = {isa = PBXFileReference; lastKnownFileType = sourcecode.swift; path = SceneDelegate.swift; sourceTree = "<group>"; };
		ED1D29102511342B006CBC28 /* ViewController.swift */ = {isa = PBXFileReference; lastKnownFileType = sourcecode.swift; path = ViewController.swift; sourceTree = "<group>"; };
		ED1D29132511342B006CBC28 /* Base */ = {isa = PBXFileReference; lastKnownFileType = file.storyboard; name = Base; path = Base.lproj/Main.storyboard; sourceTree = "<group>"; };
		ED1D29152511342D006CBC28 /* Assets.xcassets */ = {isa = PBXFileReference; lastKnownFileType = folder.assetcatalog; path = Assets.xcassets; sourceTree = "<group>"; };
		ED1D29182511342D006CBC28 /* Base */ = {isa = PBXFileReference; lastKnownFileType = file.storyboard; name = Base; path = Base.lproj/LaunchScreen.storyboard; sourceTree = "<group>"; };
		ED1D291A2511342D006CBC28 /* Info.plist */ = {isa = PBXFileReference; lastKnownFileType = text.plist.xml; path = Info.plist; sourceTree = "<group>"; };
		ED1D291F2511342D006CBC28 /* BowlingGameTests.xctest */ = {isa = PBXFileReference; explicitFileType = wrapper.cfbundle; includeInIndex = 0; path = BowlingGameTests.xctest; sourceTree = BUILT_PRODUCTS_DIR; };
		ED1D29232511342D006CBC28 /* BowlingGameTests.swift */ = {isa = PBXFileReference; lastKnownFileType = sourcecode.swift; path = BowlingGameTests.swift; sourceTree = "<group>"; };
		ED1D29252511342D006CBC28 /* Info.plist */ = {isa = PBXFileReference; lastKnownFileType = text.plist.xml; path = Info.plist; sourceTree = "<group>"; };
		ED1D293F25116485006CBC28 /* BowlingGame.swift */ = {isa = PBXFileReference; fileEncoding = 4; lastKnownFileType = sourcecode.swift; path = BowlingGame.swift; sourceTree = "<group>"; };
		ED1D294025116485006CBC28 /* Round.swift */ = {isa = PBXFileReference; fileEncoding = 4; lastKnownFileType = sourcecode.swift; path = Round.swift; sourceTree = "<group>"; };
		ED1D294125116485006CBC28 /* NormalRound.swift */ = {isa = PBXFileReference; fileEncoding = 4; lastKnownFileType = sourcecode.swift; path = NormalRound.swift; sourceTree = "<group>"; };
		ED1D294525116499006CBC28 /* NormalRoundTests.swift */ = {isa = PBXFileReference; fileEncoding = 4; lastKnownFileType = sourcecode.swift; path = NormalRoundTests.swift; sourceTree = "<group>"; };
		ED1D29482511F4B8006CBC28 /* SpareRound.swift */ = {isa = PBXFileReference; fileEncoding = 4; lastKnownFileType = sourcecode.swift; path = SpareRound.swift; sourceTree = "<group>"; };
		ED1D294A2511F4CE006CBC28 /* Bonusable.swift */ = {isa = PBXFileReference; fileEncoding = 4; lastKnownFileType = sourcecode.swift; path = Bonusable.swift; sourceTree = "<group>"; };
		ED1D294D2511F5F5006CBC28 /* MockBowlingGame.swift */ = {isa = PBXFileReference; fileEncoding = 4; lastKnownFileType = sourcecode.swift; path = MockBowlingGame.swift; sourceTree = "<group>"; };
		ED1D294F2511F61E006CBC28 /* SpareRoundTests.swift */ = {isa = PBXFileReference; fileEncoding = 4; lastKnownFileType = sourcecode.swift; path = SpareRoundTests.swift; sourceTree = "<group>"; };
/* End PBXFileReference section */

/* Begin PBXFrameworksBuildPhase section */
		ED1D29062511342B006CBC28 /* Frameworks */ = {
			isa = PBXFrameworksBuildPhase;
			buildActionMask = 2147483647;
			files = (
			);
			runOnlyForDeploymentPostprocessing = 0;
		};
		ED1D291C2511342D006CBC28 /* Frameworks */ = {
			isa = PBXFrameworksBuildPhase;
			buildActionMask = 2147483647;
			files = (
			);
			runOnlyForDeploymentPostprocessing = 0;
		};
/* End PBXFrameworksBuildPhase section */

/* Begin PBXGroup section */
		ED1D29002511342A006CBC28 = {
			isa = PBXGroup;
			children = (
				ED1D290B2511342B006CBC28 /* BowlingGame */,
				ED1D29222511342D006CBC28 /* BowlingGameTests */,
				ED1D290A2511342B006CBC28 /* Products */,
			);
			sourceTree = "<group>";
		};
		ED1D290A2511342B006CBC28 /* Products */ = {
			isa = PBXGroup;
			children = (
				ED1D29092511342B006CBC28 /* BowlingGame.app */,
				ED1D291F2511342D006CBC28 /* BowlingGameTests.xctest */,
			);
			name = Products;
			sourceTree = "<group>";
		};
		ED1D290B2511342B006CBC28 /* BowlingGame */ = {
			isa = PBXGroup;
			children = (
				ED1D293E25116485006CBC28 /* Model */,
				ED1D290C2511342B006CBC28 /* AppDelegate.swift */,
				ED1D290E2511342B006CBC28 /* SceneDelegate.swift */,
				ED1D29102511342B006CBC28 /* ViewController.swift */,
				ED1D29122511342B006CBC28 /* Main.storyboard */,
				ED1D29152511342D006CBC28 /* Assets.xcassets */,
				ED1D29172511342D006CBC28 /* LaunchScreen.storyboard */,
				ED1D291A2511342D006CBC28 /* Info.plist */,
			);
			path = BowlingGame;
			sourceTree = "<group>";
		};
		ED1D29222511342D006CBC28 /* BowlingGameTests */ = {
			isa = PBXGroup;
			children = (
				ED1D2947251164D5006CBC28 /* Model */,
				ED1D29252511342D006CBC28 /* Info.plist */,
			);
			path = BowlingGameTests;
			sourceTree = "<group>";
		};
		ED1D293E25116485006CBC28 /* Model */ = {
			isa = PBXGroup;
			children = (
				ED1D293F25116485006CBC28 /* BowlingGame.swift */,
				ED1D294025116485006CBC28 /* Round.swift */,
				ED1D294125116485006CBC28 /* NormalRound.swift */,
				ED1D29482511F4B8006CBC28 /* SpareRound.swift */,
				ED1D294A2511F4CE006CBC28 /* Bonusable.swift */,
			);
			path = Model;
			sourceTree = "<group>";
		};
		ED1D2947251164D5006CBC28 /* Model */ = {
			isa = PBXGroup;
			children = (
				ED1D294C2511F5DE006CBC28 /* Mock */,
				ED1D29232511342D006CBC28 /* BowlingGameTests.swift */,
				ED1D294525116499006CBC28 /* NormalRoundTests.swift */,
				ED1D294F2511F61E006CBC28 /* SpareRoundTests.swift */,
			);
			path = Model;
			sourceTree = "<group>";
		};
		ED1D294C2511F5DE006CBC28 /* Mock */ = {
			isa = PBXGroup;
			children = (
				ED1D294D2511F5F5006CBC28 /* MockBowlingGame.swift */,
			);
			path = Mock;
			sourceTree = "<group>";
		};
/* End PBXGroup section */

/* Begin PBXNativeTarget section */
		ED1D29082511342B006CBC28 /* BowlingGame */ = {
			isa = PBXNativeTarget;
			buildConfigurationList = ED1D29282511342D006CBC28 /* Build configuration list for PBXNativeTarget "BowlingGame" */;
			buildPhases = (
				ED1D29052511342B006CBC28 /* Sources */,
				ED1D29062511342B006CBC28 /* Frameworks */,
				ED1D29072511342B006CBC28 /* Resources */,
			);
			buildRules = (
			);
			dependencies = (
			);
			name = BowlingGame;
			productName = BowlingGame;
			productReference = ED1D29092511342B006CBC28 /* BowlingGame.app */;
			productType = "com.apple.product-type.application";
		};
		ED1D291E2511342D006CBC28 /* BowlingGameTests */ = {
			isa = PBXNativeTarget;
			buildConfigurationList = ED1D292B2511342D006CBC28 /* Build configuration list for PBXNativeTarget "BowlingGameTests" */;
			buildPhases = (
				ED1D291B2511342D006CBC28 /* Sources */,
				ED1D291C2511342D006CBC28 /* Frameworks */,
				ED1D291D2511342D006CBC28 /* Resources */,
			);
			buildRules = (
			);
			dependencies = (
				ED1D29212511342D006CBC28 /* PBXTargetDependency */,
			);
			name = BowlingGameTests;
			productName = BowlingGameTests;
			productReference = ED1D291F2511342D006CBC28 /* BowlingGameTests.xctest */;
			productType = "com.apple.product-type.bundle.unit-test";
		};
/* End PBXNativeTarget section */

/* Begin PBXProject section */
		ED1D29012511342A006CBC28 /* Project object */ = {
			isa = PBXProject;
			attributes = {
				LastSwiftUpdateCheck = 1130;
				LastUpgradeCheck = 1130;
				ORGANIZATIONNAME = trial6151;
				TargetAttributes = {
					ED1D29082511342B006CBC28 = {
						CreatedOnToolsVersion = 11.3;
					};
					ED1D291E2511342D006CBC28 = {
						CreatedOnToolsVersion = 11.3;
						TestTargetID = ED1D29082511342B006CBC28;
					};
				};
			};
			buildConfigurationList = ED1D29042511342A006CBC28 /* Build configuration list for PBXProject "BowlingGame" */;
			compatibilityVersion = "Xcode 9.3";
			developmentRegion = en;
			hasScannedForEncodings = 0;
			knownRegions = (
				en,
				Base,
			);
			mainGroup = ED1D29002511342A006CBC28;
			productRefGroup = ED1D290A2511342B006CBC28 /* Products */;
			projectDirPath = "";
			projectRoot = "";
			targets = (
				ED1D29082511342B006CBC28 /* BowlingGame */,
				ED1D291E2511342D006CBC28 /* BowlingGameTests */,
			);
		};
/* End PBXProject section */

/* Begin PBXResourcesBuildPhase section */
		ED1D29072511342B006CBC28 /* Resources */ = {
			isa = PBXResourcesBuildPhase;
			buildActionMask = 2147483647;
			files = (
				ED1D29192511342D006CBC28 /* LaunchScreen.storyboard in Resources */,
				ED1D29162511342D006CBC28 /* Assets.xcassets in Resources */,
				ED1D29142511342B006CBC28 /* Main.storyboard in Resources */,
			);
			runOnlyForDeploymentPostprocessing = 0;
		};
		ED1D291D2511342D006CBC28 /* Resources */ = {
			isa = PBXResourcesBuildPhase;
			buildActionMask = 2147483647;
			files = (
			);
			runOnlyForDeploymentPostprocessing = 0;
		};
/* End PBXResourcesBuildPhase section */

/* Begin PBXSourcesBuildPhase section */
		ED1D29052511342B006CBC28 /* Sources */ = {
			isa = PBXSourcesBuildPhase;
			buildActionMask = 2147483647;
			files = (
				ED1D29492511F4B8006CBC28 /* SpareRound.swift in Sources */,
				ED1D294225116485006CBC28 /* BowlingGame.swift in Sources */,
				ED1D29112511342B006CBC28 /* ViewController.swift in Sources */,
				ED1D290D2511342B006CBC28 /* AppDelegate.swift in Sources */,
				ED1D294325116485006CBC28 /* Round.swift in Sources */,
				ED1D294B2511F4CE006CBC28 /* Bonusable.swift in Sources */,
				ED1D290F2511342B006CBC28 /* SceneDelegate.swift in Sources */,
				ED1D294425116485006CBC28 /* NormalRound.swift in Sources */,
			);
			runOnlyForDeploymentPostprocessing = 0;
		};
		ED1D291B2511342D006CBC28 /* Sources */ = {
			isa = PBXSourcesBuildPhase;
			buildActionMask = 2147483647;
			files = (
				ED1D29242511342D006CBC28 /* BowlingGameTests.swift in Sources */,
				ED1D294E2511F5F5006CBC28 /* MockBowlingGame.swift in Sources */,
				ED1D29502511F61E006CBC28 /* SpareRoundTests.swift in Sources */,
				ED1D294625116499006CBC28 /* NormalRoundTests.swift in Sources */,
			);
			runOnlyForDeploymentPostprocessing = 0;
		};
/* End PBXSourcesBuildPhase section */

/* Begin PBXTargetDependency section */
		ED1D29212511342D006CBC28 /* PBXTargetDependency */ = {
			isa = PBXTargetDependency;
			target = ED1D29082511342B006CBC28 /* BowlingGame */;
			targetProxy = ED1D29202511342D006CBC28 /* PBXContainerItemProxy */;
		};
/* End PBXTargetDependency section */

/* Begin PBXVariantGroup section */
		ED1D29122511342B006CBC28 /* Main.storyboard */ = {
			isa = PBXVariantGroup;
			children = (
				ED1D29132511342B006CBC28 /* Base */,
			);
			name = Main.storyboard;
			sourceTree = "<group>";
		};
		ED1D29172511342D006CBC28 /* LaunchScreen.storyboard */ = {
			isa = PBXVariantGroup;
			children = (
				ED1D29182511342D006CBC28 /* Base */,
			);
			name = LaunchScreen.storyboard;
			sourceTree = "<group>";
		};
/* End PBXVariantGroup section */

/* Begin XCBuildConfiguration section */
		ED1D29262511342D006CBC28 /* Debug */ = {
			isa = XCBuildConfiguration;
			buildSettings = {
				ALWAYS_SEARCH_USER_PATHS = NO;
				CLANG_ANALYZER_NONNULL = YES;
				CLANG_ANALYZER_NUMBER_OBJECT_CONVERSION = YES_AGGRESSIVE;
				CLANG_CXX_LANGUAGE_STANDARD = "gnu++14";
				CLANG_CXX_LIBRARY = "libc++";
				CLANG_ENABLE_MODULES = YES;
				CLANG_ENABLE_OBJC_ARC = YES;
				CLANG_ENABLE_OBJC_WEAK = YES;
				CLANG_WARN_BLOCK_CAPTURE_AUTORELEASING = YES;
				CLANG_WARN_BOOL_CONVERSION = YES;
				CLANG_WARN_COMMA = YES;
				CLANG_WARN_CONSTANT_CONVERSION = YES;
				CLANG_WARN_DEPRECATED_OBJC_IMPLEMENTATIONS = YES;
				CLANG_WARN_DIRECT_OBJC_ISA_USAGE = YES_ERROR;
				CLANG_WARN_DOCUMENTATION_COMMENTS = YES;
				CLANG_WARN_EMPTY_BODY = YES;
				CLANG_WARN_ENUM_CONVERSION = YES;
				CLANG_WARN_INFINITE_RECURSION = YES;
				CLANG_WARN_INT_CONVERSION = YES;
				CLANG_WARN_NON_LITERAL_NULL_CONVERSION = YES;
				CLANG_WARN_OBJC_IMPLICIT_RETAIN_SELF = YES;
				CLANG_WARN_OBJC_LITERAL_CONVERSION = YES;
				CLANG_WARN_OBJC_ROOT_CLASS = YES_ERROR;
				CLANG_WARN_RANGE_LOOP_ANALYSIS = YES;
				CLANG_WARN_STRICT_PROTOTYPES = YES;
				CLANG_WARN_SUSPICIOUS_MOVE = YES;
				CLANG_WARN_UNGUARDED_AVAILABILITY = YES_AGGRESSIVE;
				CLANG_WARN_UNREACHABLE_CODE = YES;
				CLANG_WARN__DUPLICATE_METHOD_MATCH = YES;
				COPY_PHASE_STRIP = NO;
				DEBUG_INFORMATION_FORMAT = dwarf;
				ENABLE_STRICT_OBJC_MSGSEND = YES;
				ENABLE_TESTABILITY = YES;
				GCC_C_LANGUAGE_STANDARD = gnu11;
				GCC_DYNAMIC_NO_PIC = NO;
				GCC_NO_COMMON_BLOCKS = YES;
				GCC_OPTIMIZATION_LEVEL = 0;
				GCC_PREPROCESSOR_DEFINITIONS = (
					"DEBUG=1",
					"$(inherited)",
				);
				GCC_WARN_64_TO_32_BIT_CONVERSION = YES;
				GCC_WARN_ABOUT_RETURN_TYPE = YES_ERROR;
				GCC_WARN_UNDECLARED_SELECTOR = YES;
				GCC_WARN_UNINITIALIZED_AUTOS = YES_AGGRESSIVE;
				GCC_WARN_UNUSED_FUNCTION = YES;
				GCC_WARN_UNUSED_VARIABLE = YES;
				IPHONEOS_DEPLOYMENT_TARGET = 13.2;
				MTL_ENABLE_DEBUG_INFO = INCLUDE_SOURCE;
				MTL_FAST_MATH = YES;
				ONLY_ACTIVE_ARCH = YES;
				SDKROOT = iphoneos;
				SWIFT_ACTIVE_COMPILATION_CONDITIONS = DEBUG;
				SWIFT_OPTIMIZATION_LEVEL = "-Onone";
			};
			name = Debug;
		};
		ED1D29272511342D006CBC28 /* Release */ = {
			isa = XCBuildConfiguration;
			buildSettings = {
				ALWAYS_SEARCH_USER_PATHS = NO;
				CLANG_ANALYZER_NONNULL = YES;
				CLANG_ANALYZER_NUMBER_OBJECT_CONVERSION = YES_AGGRESSIVE;
				CLANG_CXX_LANGUAGE_STANDARD = "gnu++14";
				CLANG_CXX_LIBRARY = "libc++";
				CLANG_ENABLE_MODULES = YES;
				CLANG_ENABLE_OBJC_ARC = YES;
				CLANG_ENABLE_OBJC_WEAK = YES;
				CLANG_WARN_BLOCK_CAPTURE_AUTORELEASING = YES;
				CLANG_WARN_BOOL_CONVERSION = YES;
				CLANG_WARN_COMMA = YES;
				CLANG_WARN_CONSTANT_CONVERSION = YES;
				CLANG_WARN_DEPRECATED_OBJC_IMPLEMENTATIONS = YES;
				CLANG_WARN_DIRECT_OBJC_ISA_USAGE = YES_ERROR;
				CLANG_WARN_DOCUMENTATION_COMMENTS = YES;
				CLANG_WARN_EMPTY_BODY = YES;
				CLANG_WARN_ENUM_CONVERSION = YES;
				CLANG_WARN_INFINITE_RECURSION = YES;
				CLANG_WARN_INT_CONVERSION = YES;
				CLANG_WARN_NON_LITERAL_NULL_CONVERSION = YES;
				CLANG_WARN_OBJC_IMPLICIT_RETAIN_SELF = YES;
				CLANG_WARN_OBJC_LITERAL_CONVERSION = YES;
				CLANG_WARN_OBJC_ROOT_CLASS = YES_ERROR;
				CLANG_WARN_RANGE_LOOP_ANALYSIS = YES;
				CLANG_WARN_STRICT_PROTOTYPES = YES;
				CLANG_WARN_SUSPICIOUS_MOVE = YES;
				CLANG_WARN_UNGUARDED_AVAILABILITY = YES_AGGRESSIVE;
				CLANG_WARN_UNREACHABLE_CODE = YES;
				CLANG_WARN__DUPLICATE_METHOD_MATCH = YES;
				COPY_PHASE_STRIP = NO;
				DEBUG_INFORMATION_FORMAT = "dwarf-with-dsym";
				ENABLE_NS_ASSERTIONS = NO;
				ENABLE_STRICT_OBJC_MSGSEND = YES;
				GCC_C_LANGUAGE_STANDARD = gnu11;
				GCC_NO_COMMON_BLOCKS = YES;
				GCC_WARN_64_TO_32_BIT_CONVERSION = YES;
				GCC_WARN_ABOUT_RETURN_TYPE = YES_ERROR;
				GCC_WARN_UNDECLARED_SELECTOR = YES;
				GCC_WARN_UNINITIALIZED_AUTOS = YES_AGGRESSIVE;
				GCC_WARN_UNUSED_FUNCTION = YES;
				GCC_WARN_UNUSED_VARIABLE = YES;
				IPHONEOS_DEPLOYMENT_TARGET = 13.2;
				MTL_ENABLE_DEBUG_INFO = NO;
				MTL_FAST_MATH = YES;
				SDKROOT = iphoneos;
				SWIFT_COMPILATION_MODE = wholemodule;
				SWIFT_OPTIMIZATION_LEVEL = "-O";
				VALIDATE_PRODUCT = YES;
			};
			name = Release;
		};
		ED1D29292511342D006CBC28 /* Debug */ = {
			isa = XCBuildConfiguration;
			buildSettings = {
				ASSETCATALOG_COMPILER_APPICON_NAME = AppIcon;
				CODE_SIGN_STYLE = Automatic;
				DEVELOPMENT_TEAM = F5WD84SM96;
				INFOPLIST_FILE = BowlingGame/Info.plist;
				LD_RUNPATH_SEARCH_PATHS = (
					"$(inherited)",
					"@executable_path/Frameworks",
				);
				PRODUCT_BUNDLE_IDENTIFIER = com.trial6151.com.BowlingGame;
				PRODUCT_NAME = "$(TARGET_NAME)";
				SWIFT_VERSION = 5.0;
				TARGETED_DEVICE_FAMILY = "1,2";
			};
			name = Debug;
		};
		ED1D292A2511342D006CBC28 /* Release */ = {
			isa = XCBuildConfiguration;
			buildSettings = {
				ASSETCATALOG_COMPILER_APPICON_NAME = AppIcon;
				CODE_SIGN_STYLE = Automatic;
				DEVELOPMENT_TEAM = F5WD84SM96;
				INFOPLIST_FILE = BowlingGame/Info.plist;
				LD_RUNPATH_SEARCH_PATHS = (
					"$(inherited)",
					"@executable_path/Frameworks",
				);
				PRODUCT_BUNDLE_IDENTIFIER = com.trial6151.com.BowlingGame;
				PRODUCT_NAME = "$(TARGET_NAME)";
				SWIFT_VERSION = 5.0;
				TARGETED_DEVICE_FAMILY = "1,2";
			};
			name = Release;
		};
		ED1D292C2511342D006CBC28 /* Debug */ = {
			isa = XCBuildConfiguration;
			buildSettings = {
				ALWAYS_EMBED_SWIFT_STANDARD_LIBRARIES = YES;
				BUNDLE_LOADER = "$(TEST_HOST)";
				CODE_SIGN_STYLE = Automatic;
				DEVELOPMENT_TEAM = F5WD84SM96;
				INFOPLIST_FILE = BowlingGameTests/Info.plist;
				IPHONEOS_DEPLOYMENT_TARGET = 13.2;
				LD_RUNPATH_SEARCH_PATHS = (
					"$(inherited)",
					"@executable_path/Frameworks",
					"@loader_path/Frameworks",
				);
				PRODUCT_BUNDLE_IDENTIFIER = com.trial6151.com.BowlingGameTests;
				PRODUCT_NAME = "$(TARGET_NAME)";
				SWIFT_VERSION = 5.0;
				TARGETED_DEVICE_FAMILY = "1,2";
				TEST_HOST = "$(BUILT_PRODUCTS_DIR)/BowlingGame.app/BowlingGame";
			};
			name = Debug;
		};
		ED1D292D2511342D006CBC28 /* Release */ = {
			isa = XCBuildConfiguration;
			buildSettings = {
				ALWAYS_EMBED_SWIFT_STANDARD_LIBRARIES = YES;
				BUNDLE_LOADER = "$(TEST_HOST)";
				CODE_SIGN_STYLE = Automatic;
				DEVELOPMENT_TEAM = F5WD84SM96;
				INFOPLIST_FILE = BowlingGameTests/Info.plist;
				IPHONEOS_DEPLOYMENT_TARGET = 13.2;
				LD_RUNPATH_SEARCH_PATHS = (
					"$(inherited)",
					"@executable_path/Frameworks",
					"@loader_path/Frameworks",
				);
				PRODUCT_BUNDLE_IDENTIFIER = com.trial6151.com.BowlingGameTests;
				PRODUCT_NAME = "$(TARGET_NAME)";
				SWIFT_VERSION = 5.0;
				TARGETED_DEVICE_FAMILY = "1,2";
				TEST_HOST = "$(BUILT_PRODUCTS_DIR)/BowlingGame.app/BowlingGame";
			};
			name = Release;
		};
/* End XCBuildConfiguration section */

/* Begin XCConfigurationList section */
		ED1D29042511342A006CBC28 /* Build configuration list for PBXProject "BowlingGame" */ = {
			isa = XCConfigurationList;
			buildConfigurations = (
				ED1D29262511342D006CBC28 /* Debug */,
				ED1D29272511342D006CBC28 /* Release */,
			);
			defaultConfigurationIsVisible = 0;
			defaultConfigurationName = Release;
		};
		ED1D29282511342D006CBC28 /* Build configuration list for PBXNativeTarget "BowlingGame" */ = {
			isa = XCConfigurationList;
			buildConfigurations = (
				ED1D29292511342D006CBC28 /* Debug */,
				ED1D292A2511342D006CBC28 /* Release */,
			);
			defaultConfigurationIsVisible = 0;
			defaultConfigurationName = Release;
		};
		ED1D292B2511342D006CBC28 /* Build configuration list for PBXNativeTarget "BowlingGameTests" */ = {
			isa = XCConfigurationList;
			buildConfigurations = (
				ED1D292C2511342D006CBC28 /* Debug */,
				ED1D292D2511342D006CBC28 /* Release */,
			);
			defaultConfigurationIsVisible = 0;
			defaultConfigurationName = Release;
		};
/* End XCConfigurationList section */
	};
	rootObject = ED1D29012511342A006CBC28 /* Project object */;
}
